
Microsoft Visual Studio Solution File, Format Version 12.00
# Visual Studio Version 17
VisualStudioVersion = 17.10.35013.160
MinimumVisualStudioVersion = 10.0.40219.1
Project("{9A19103F-16F7-4668-BE54-9A1E7A4F7556}") = "BLE.Client.Maui", "BLE.Client.Maui.csproj", "{D447DB67-D058-41FA-ACE9-0780722A50C5}"
EndProject
Global
	GlobalSection(SolutionConfigurationPlatforms) = preSolution
		Debug|Any CPU = Debug|Any CPU
		Release|Any CPU = Release|Any CPU
	EndGlobalSection
	GlobalSection(ProjectConfigurationPlatforms) = postSolution
		{D447DB67-D058-41FA-ACE9-0780722A50C5}.Debug|Any CPU.ActiveCfg = Debug|Any CPU
		{D447DB67-D058-41FA-ACE9-0780722A50C5}.Debug|Any CPU.Build.0 = Debug|Any CPU
		{D447DB67-D058-41FA-ACE9-0780722A50C5}.Debug|Any CPU.Deploy.0 = Debug|Any CPU
		{D447DB67-D058-41FA-ACE9-0780722A50C5}.Release|Any CPU.ActiveCfg = Release|Any CPU
		{D447DB67-D058-41FA-ACE9-0780722A50C5}.Release|Any CPU.Build.0 = Release|Any CPU
		{D447DB67-D058-41FA-ACE9-0780722A50C5}.Release|Any CPU.Deploy.0 = Release|Any CPU
	EndGlobalSection
	GlobalSection(SolutionProperties) = preSolution
		HideSolutionNode = FALSE
	EndGlobalSection
	GlobalSection(ExtensibilityGlobals) = postSolution
		SolutionGuid = {1E7CB6F6-AC66-47EC-8DFE-D50CF9A63D5B}
	EndGlobalSection
EndGlobal
